// !$*UTF8*$!
{
	archiveVersion = 1;
	classes = {
	};
	objectVersion = 46;
	objects = {

/* Begin PBXBuildFile section */
		35DFD3781D62E41900A2616A /* main.m in Sources */ = {isa = PBXBuildFile; fileRef = 35DFD3771D62E41900A2616A /* main.m */; };
		35DFD37B1D62E41900A2616A /* AppDelegate.m in Sources */ = {isa = PBXBuildFile; fileRef = 35DFD37A1D62E41900A2616A /* AppDelegate.m */; };
		35DFD37E1D62E41900A2616A /* FirstViewController.m in Sources */ = {isa = PBXBuildFile; fileRef = 35DFD37D1D62E41900A2616A /* FirstViewController.m */; };
		35DFD3811D62E41900A2616A /* SecondViewController.m in Sources */ = {isa = PBXBuildFile; fileRef = 35DFD3801D62E41900A2616A /* SecondViewController.m */; };
		35DFD3861D62E41900A2616A /* Images.xcassets in Resources */ = {isa = PBXBuildFile; fileRef = 35DFD3851D62E41900A2616A /* Images.xcassets */; };
		35DFD3891D62E41900A2616A /* LaunchScreen.xib in Resources */ = {isa = PBXBuildFile; fileRef = 35DFD3871D62E41900A2616A /* LaunchScreen.xib */; };
		35DFD3951D62E41900A2616A /* aTests.m in Sources */ = {isa = PBXBuildFile; fileRef = 35DFD3941D62E41900A2616A /* aTests.m */; };
		35DFD3A01D62E6F900A2616A /* KCTabBarViewController.m in Sources */ = {isa = PBXBuildFile; fileRef = 35DFD39F1D62E6F900A2616A /* KCTabBarViewController.m */; };
		35DFD3A21D62E91600A2616A /* Settings.bundle in Resources */ = {isa = PBXBuildFile; fileRef = 35DFD3A11D62E91600A2616A /* Settings.bundle */; };
		35DFD3A71D63517400A2616A /* rabbit.png in Resources */ = {isa = PBXBuildFile; fileRef = 35DFD3A61D63517400A2616A /* rabbit.png */; };
		35DFD3A91D63517A00A2616A /* turtle.png in Resources */ = {isa = PBXBuildFile; fileRef = 35DFD3A81D63517A00A2616A /* turtle.png */; };
/* End PBXBuildFile section */

/* Begin PBXContainerItemProxy section */
		35DFD38F1D62E41900A2616A /* PBXContainerItemProxy */ = {
			isa = PBXContainerItemProxy;
			containerPortal = 35DFD36A1D62E41900A2616A /* Project object */;
			proxyType = 1;
			remoteGlobalIDString = 35DFD3711D62E41900A2616A;
			remoteInfo = a;
		};
/* End PBXContainerItemProxy section */

/* Begin PBXFileReference section */
		35DFD3721D62E41900A2616A /* a.app */ = {isa = PBXFileReference; explicitFileType = wrapper.application; includeInIndex = 0; path = a.app; sourceTree = BUILT_PRODUCTS_DIR; };
		35DFD3761D62E41900A2616A /* Info.plist */ = {isa = PBXFileReference; lastKnownFileType = text.plist.xml; path = Info.plist; sourceTree = "<group>"; };
		35DFD3771D62E41900A2616A /* main.m */ = {isa = PBXFileReference; lastKnownFileType = sourcecode.c.objc; path = main.m; sourceTree = "<group>"; };
		35DFD3791D62E41900A2616A /* AppDelegate.h */ = {isa = PBXFileReference; lastKnownFileType = sourcecode.c.h; path = AppDelegate.h; sourceTree = "<group>"; };
		35DFD37A1D62E41900A2616A /* AppDelegate.m */ = {isa = PBXFileReference; lastKnownFileType = sourcecode.c.objc; path = AppDelegate.m; sourceTree = "<group>"; };
		35DFD37C1D62E41900A2616A /* FirstViewController.h */ = {isa = PBXFileReference; lastKnownFileType = sourcecode.c.h; path = FirstViewController.h; sourceTree = "<group>"; };
		35DFD37D1D62E41900A2616A /* FirstViewController.m */ = {isa = PBXFileReference; lastKnownFileType = sourcecode.c.objc; path = FirstViewController.m; sourceTree = "<group>"; wrapsLines = 0; };
		35DFD37F1D62E41900A2616A /* SecondViewController.h */ = {isa = PBXFileReference; lastKnownFileType = sourcecode.c.h; path = SecondViewController.h; sourceTree = "<group>"; };
		35DFD3801D62E41900A2616A /* SecondViewController.m */ = {isa = PBXFileReference; lastKnownFileType = sourcecode.c.objc; path = SecondViewController.m; sourceTree = "<group>"; };
		35DFD3851D62E41900A2616A /* Images.xcassets */ = {isa = PBXFileReference; lastKnownFileType = folder.assetcatalog; path = Images.xcassets; sourceTree = "<group>"; };
		35DFD3881D62E41900A2616A /* Base */ = {isa = PBXFileReference; lastKnownFileType = file.xib; name = Base; path = Base.lproj/LaunchScreen.xib; sourceTree = "<group>"; };
		35DFD38E1D62E41900A2616A /* aTests.xctest */ = {isa = PBXFileReference; explicitFileType = wrapper.cfbundle; includeInIndex = 0; path = aTests.xctest; sourceTree = BUILT_PRODUCTS_DIR; };
		35DFD3931D62E41900A2616A /* Info.plist */ = {isa = PBXFileReference; lastKnownFileType = text.plist.xml; path = Info.plist; sourceTree = "<group>"; };
		35DFD3941D62E41900A2616A /* aTests.m */ = {isa = PBXFileReference; lastKnownFileType = sourcecode.c.objc; path = aTests.m; sourceTree = "<group>"; };
		35DFD39E1D62E6F900A2616A /* KCTabBarViewController.h */ = {isa = PBXFileReference; fileEncoding = 4; lastKnownFileType = sourcecode.c.h; path = KCTabBarViewController.h; sourceTree = "<group>"; };
		35DFD39F1D62E6F900A2616A /* KCTabBarViewController.m */ = {isa = PBXFileReference; fileEncoding = 4; lastKnownFileType = sourcecode.c.objc; path = KCTabBarViewController.m; sourceTree = "<group>"; };
		35DFD3A11D62E91600A2616A /* Settings.bundle */ = {isa = PBXFileReference; lastKnownFileType = "wrapper.plug-in"; name = Settings.bundle; path = "../../../Downloads/Examples 2/12 - Bridge Control/Bridge Control/Settings.bundle"; sourceTree = "<group>"; };
		35DFD3A51D63455400A2616A /* header.h */ = {isa = PBXFileReference; lastKnownFileType = sourcecode.c.h; path = header.h; sourceTree = "<group>"; };
		35DFD3A61D63517400A2616A /* rabbit.png */ = {isa = PBXFileReference; lastKnownFileType = image.png; path = rabbit.png; sourceTree = "<group>"; };
		35DFD3A81D63517A00A2616A /* turtle.png */ = {isa = PBXFileReference; lastKnownFileType = image.png; path = turtle.png; sourceTree = "<group>"; };
/* End PBXFileReference section */

/* Begin PBXFrameworksBuildPhase section */
		35DFD36F1D62E41900A2616A /* Frameworks */ = {
			isa = PBXFrameworksBuildPhase;
			buildActionMask = 2147483647;
			files = (
			);
			runOnlyForDeploymentPostprocessing = 0;
		};
		35DFD38B1D62E41900A2616A /* Frameworks */ = {
			isa = PBXFrameworksBuildPhase;
			buildActionMask = 2147483647;
			files = (
			);
			runOnlyForDeploymentPostprocessing = 0;
		};
/* End PBXFrameworksBuildPhase section */

/* Begin PBXGroup section */
		35DFD3691D62E41900A2616A = {
			isa = PBXGroup;
			children = (
				35DFD3A11D62E91600A2616A /* Settings.bundle */,
				35DFD3741D62E41900A2616A /* a */,
				35DFD3911D62E41900A2616A /* aTests */,
				35DFD3731D62E41900A2616A /* Products */,
			);
			sourceTree = "<group>";
		};
		35DFD3731D62E41900A2616A /* Products */ = {
			isa = PBXGroup;
			children = (
				35DFD3721D62E41900A2616A /* a.app */,
				35DFD38E1D62E41900A2616A /* aTests.xctest */,
			);
			name = Products;
			sourceTree = "<group>";
		};
		35DFD3741D62E41900A2616A /* a */ = {
			isa = PBXGroup;
			children = (
				35DFD3791D62E41900A2616A /* AppDelegate.h */,
				35DFD37A1D62E41900A2616A /* AppDelegate.m */,
				35DFD37C1D62E41900A2616A /* FirstViewController.h */,
				35DFD37D1D62E41900A2616A /* FirstViewController.m */,
				35DFD37F1D62E41900A2616A /* SecondViewController.h */,
				35DFD3801D62E41900A2616A /* SecondViewController.m */,
				35DFD3851D62E41900A2616A /* Images.xcassets */,
				35DFD3871D62E41900A2616A /* LaunchScreen.xib */,
				35DFD3A61D63517400A2616A /* rabbit.png */,
				35DFD3A81D63517A00A2616A /* turtle.png */,
				35DFD3751D62E41900A2616A /* Supporting Files */,
				35DFD39E1D62E6F900A2616A /* KCTabBarViewController.h */,
				35DFD39F1D62E6F900A2616A /* KCTabBarViewController.m */,
				35DFD3A51D63455400A2616A /* header.h */,
			);
			path = a;
			sourceTree = "<group>";
		};
		35DFD3751D62E41900A2616A /* Supporting Files */ = {
			isa = PBXGroup;
			children = (
				35DFD3761D62E41900A2616A /* Info.plist */,
				35DFD3771D62E41900A2616A /* main.m */,
			);
			name = "Supporting Files";
			sourceTree = "<group>";
		};
		35DFD3911D62E41900A2616A /* aTests */ = {
			isa = PBXGroup;
			children = (
				35DFD3941D62E41900A2616A /* aTests.m */,
				35DFD3921D62E41900A2616A /* Supporting Files */,
			);
			path = aTests;
			sourceTree = "<group>";
		};
		35DFD3921D62E41900A2616A /* Supporting Files */ = {
			isa = PBXGroup;
			children = (
				35DFD3931D62E41900A2616A /* Info.plist */,
			);
			name = "Supporting Files";
			sourceTree = "<group>";
		};
/* End PBXGroup section */

/* Begin PBXNativeTarget section */
		35DFD3711D62E41900A2616A /* a */ = {
			isa = PBXNativeTarget;
			buildConfigurationList = 35DFD3981D62E41900A2616A /* Build configuration list for PBXNativeTarget "a" */;
			buildPhases = (
				35DFD36E1D62E41900A2616A /* Sources */,
				35DFD36F1D62E41900A2616A /* Frameworks */,
				35DFD3701D62E41900A2616A /* Resources */,
			);
			buildRules = (
			);
			dependencies = (
			);
			name = a;
			productName = a;
			productReference = 35DFD3721D62E41900A2616A /* a.app */;
			productType = "com.apple.product-type.application";
		};
		35DFD38D1D62E41900A2616A /* aTests */ = {
			isa = PBXNativeTarget;
			buildConfigurationList = 35DFD39B1D62E41900A2616A /* Build configuration list for PBXNativeTarget "aTests" */;
			buildPhases = (
				35DFD38A1D62E41900A2616A /* Sources */,
				35DFD38B1D62E41900A2616A /* Frameworks */,
				35DFD38C1D62E41900A2616A /* Resources */,
			);
			buildRules = (
			);
			dependencies = (
				35DFD3901D62E41900A2616A /* PBXTargetDependency */,
			);
			name = aTests;
			productName = aTests;
			productReference = 35DFD38E1D62E41900A2616A /* aTests.xctest */;
			productType = "com.apple.product-type.bundle.unit-test";
		};
/* End PBXNativeTarget section */

/* Begin PBXProject section */
		35DFD36A1D62E41900A2616A /* Project object */ = {
			isa = PBXProject;
			attributes = {
				LastUpgradeCheck = 0610;
				ORGANIZATIONNAME = Tidus;
				TargetAttributes = {
					35DFD3711D62E41900A2616A = {
						CreatedOnToolsVersion = 6.1.1;
					};
					35DFD38D1D62E41900A2616A = {
						CreatedOnToolsVersion = 6.1.1;
						TestTargetID = 35DFD3711D62E41900A2616A;
					};
				};
			};
			buildConfigurationList = 35DFD36D1D62E41900A2616A /* Build configuration list for PBXProject "a" */;
			compatibilityVersion = "Xcode 3.2";
			developmentRegion = English;
			hasScannedForEncodings = 0;
			knownRegions = (
				en,
				Base,
			);
			mainGroup = 35DFD3691D62E41900A2616A;
			productRefGroup = 35DFD3731D62E41900A2616A /* Products */;
			projectDirPath = "";
			projectRoot = "";
			targets = (
				35DFD3711D62E41900A2616A /* a */,
				35DFD38D1D62E41900A2616A /* aTests */,
			);
		};
/* End PBXProject section */

/* Begin PBXResourcesBuildPhase section */
		35DFD3701D62E41900A2616A /* Resources */ = {
			isa = PBXResourcesBuildPhase;
			buildActionMask = 2147483647;
			files = (
				35DFD3A71D63517400A2616A /* rabbit.png in Resources */,
				35DFD3A21D62E91600A2616A /* Settings.bundle in Resources */,
				35DFD3891D62E41900A2616A /* LaunchScreen.xib in Resources */,
				35DFD3861D62E41900A2616A /* Images.xcassets in Resources */,
				35DFD3A91D63517A00A2616A /* turtle.png in Resources */,
			);
			runOnlyForDeploymentPostprocessing = 0;
		};
		35DFD38C1D62E41900A2616A /* Resources */ = {
			isa = PBXResourcesBuildPhase;
			buildActionMask = 2147483647;
			files = (
			);
			runOnlyForDeploymentPostprocessing = 0;
		};
/* End PBXResourcesBuildPhase section */

/* Begin PBXSourcesBuildPhase section */
		35DFD36E1D62E41900A2616A /* Sources */ = {
			isa = PBXSourcesBuildPhase;
			buildActionMask = 2147483647;
			files = (
				35DFD3811D62E41900A2616A /* SecondViewController.m in Sources */,
				35DFD37B1D62E41900A2616A /* AppDelegate.m in Sources */,
				35DFD37E1D62E41900A2616A /* FirstViewController.m in Sources */,
				35DFD3A01D62E6F900A2616A /* KCTabBarViewController.m in Sources */,
				35DFD3781D62E41900A2616A /* main.m in Sources */,
			);
			runOnlyForDeploymentPostprocessing = 0;
		};
		35DFD38A1D62E41900A2616A /* Sources */ = {
			isa = PBXSourcesBuildPhase;
			buildActionMask = 2147483647;
			files = (
				35DFD3951D62E41900A2616A /* aTests.m in Sources */,
			);
			runOnlyForDeploymentPostprocessing = 0;
		};
/* End PBXSourcesBuildPhase section */

/* Begin PBXTargetDependency section */
		35DFD3901D62E41900A2616A /* PBXTargetDependency */ = {
			isa = PBXTargetDependency;
			target = 35DFD3711D62E41900A2616A /* a */;
			targetProxy = 35DFD38F1D62E41900A2616A /* PBXContainerItemProxy */;
		};
/* End PBXTargetDependency section */

/* Begin PBXVariantGroup section */
		35DFD3871D62E41900A2616A /* LaunchScreen.xib */ = {
			isa = PBXVariantGroup;
			children = (
				35DFD3881D62E41900A2616A /* Base */,
			);
			name = LaunchScreen.xib;
			sourceTree = "<group>";
		};
/* End PBXVariantGroup section */

/* Begin XCBuildConfiguration section */
		35DFD3961D62E41900A2616A /* Debug */ = {
			isa = XCBuildConfiguration;
			buildSettings = {
				ALWAYS_SEARCH_USER_PATHS = NO;
				CLANG_CXX_LANGUAGE_STANDARD = "gnu++0x";
				CLANG_CXX_LIBRARY = "libc++";
				CLANG_ENABLE_MODULES = YES;
				CLANG_ENABLE_OBJC_ARC = YES;
				CLANG_WARN_BOOL_CONVERSION = YES;
				CLANG_WARN_CONSTANT_CONVERSION = YES;
				CLANG_WARN_DIRECT_OBJC_ISA_USAGE = YES_ERROR;
				CLANG_WARN_EMPTY_BODY = YES;
				CLANG_WARN_ENUM_CONVERSION = YES;
				CLANG_WARN_INT_CONVERSION = YES;
				CLANG_WARN_OBJC_ROOT_CLASS = YES_ERROR;
				CLANG_WARN_UNREACHABLE_CODE = YES;
				CLANG_WARN__DUPLICATE_METHOD_MATCH = YES;
				"CODE_SIGN_IDENTITY[sdk=iphoneos*]" = "iPhone Developer";
				COPY_PHASE_STRIP = NO;
				ENABLE_STRICT_OBJC_MSGSEND = YES;
				GCC_C_LANGUAGE_STANDARD = gnu99;
				GCC_DYNAMIC_NO_PIC = NO;
				GCC_OPTIMIZATION_LEVEL = 0;
				GCC_PREPROCESSOR_DEFINITIONS = (
					"DEBUG=1",
					"$(inherited)",
				);
				GCC_SYMBOLS_PRIVATE_EXTERN = NO;
				GCC_WARN_64_TO_32_BIT_CONVERSION = YES;
				GCC_WARN_ABOUT_RETURN_TYPE = YES_ERROR;
				GCC_WARN_UNDECLARED_SELECTOR = YES;
				GCC_WARN_UNINITIALIZED_AUTOS = YES_AGGRESSIVE;
				GCC_WARN_UNUSED_FUNCTION = YES;
				GCC_WARN_UNUSED_VARIABLE = YES;
				IPHONEOS_DEPLOYMENT_TARGET = 8.1;
				MTL_ENABLE_DEBUG_INFO = YES;
				ONLY_ACTIVE_ARCH = YES;
				SDKROOT = iphoneos;
				TARGETED_DEVICE_FAMILY = "1,2";
			};
			name = Debug;
		};
		35DFD3971D62E41900A2616A /* Release */ = {
			isa = XCBuildConfiguration;
			buildSettings = {
				ALWAYS_SEARCH_USER_PATHS = NO;
				CLANG_CXX_LANGUAGE_STANDARD = "gnu++0x";
				CLANG_CXX_LIBRARY = "libc++";
				CLANG_ENABLE_MODULES = YES;
				CLANG_ENABLE_OBJC_ARC = YES;
				CLANG_WARN_BOOL_CONVERSION = YES;
				CLANG_WARN_CONSTANT_CONVERSION = YES;
				CLANG_WARN_DIRECT_OBJC_ISA_USAGE = YES_ERROR;
				CLANG_WARN_EMPTY_BODY = YES;
				CLANG_WARN_ENUM_CONVERSION = YES;
				CLANG_WARN_INT_CONVERSION = YES;
				CLANG_WARN_OBJC_ROOT_CLASS = YES_ERROR;
				CLANG_WARN_UNREACHABLE_CODE = YES;
				CLANG_WARN__DUPLICATE_METHOD_MATCH = YES;
				"CODE_SIGN_IDENTITY[sdk=iphoneos*]" = "iPhone Developer";
				COPY_PHASE_STRIP = YES;
				ENABLE_NS_ASSERTIONS = NO;
				ENABLE_STRICT_OBJC_MSGSEND = YES;
				GCC_C_LANGUAGE_STANDARD = gnu99;
				GCC_WARN_64_TO_32_BIT_CONVERSION = YES;
				GCC_WARN_ABOUT_RETURN_TYPE = YES_ERROR;
				GCC_WARN_UNDECLARED_SELECTOR = YES;
				GCC_WARN_UNINITIALIZED_AUTOS = YES_AGGRESSIVE;
				GCC_WARN_UNUSED_FUNCTION = YES;
				GCC_WARN_UNUSED_VARIABLE = YES;
				IPHONEOS_DEPLOYMENT_TARGET = 8.1;
				MTL_ENABLE_DEBUG_INFO = NO;
				SDKROOT = iphoneos;
				TARGETED_DEVICE_FAMILY = "1,2";
				VALIDATE_PRODUCT = YES;
			};
			name = Release;
		};
		35DFD3991D62E41900A2616A /* Debug */ = {
			isa = XCBuildConfiguration;
			buildSettings = {
				ASSETCATALOG_COMPILER_APPICON_NAME = AppIcon;
				INFOPLIST_FILE = a/Info.plist;
				LD_RUNPATH_SEARCH_PATHS = "$(inherited) @executable_path/Frameworks";
				PRODUCT_NAME = "$(TARGET_NAME)";
			};
			name = Debug;
		};
		35DFD39A1D62E41900A2616A /* Release */ = {
			isa = XCBuildConfiguration;
			buildSettings = {
				ASSETCATALOG_COMPILER_APPICON_NAME = AppIcon;
				INFOPLIST_FILE = a/Info.plist;
				LD_RUNPATH_SEARCH_PATHS = "$(inherited) @executable_path/Frameworks";
				PRODUCT_NAME = "$(TARGET_NAME)";
			};
			name = Release;
		};
		35DFD39C1D62E41900A2616A /* Debug */ = {
			isa = XCBuildConfiguration;
			buildSettings = {
				BUNDLE_LOADER = "$(TEST_HOST)";
				FRAMEWORK_SEARCH_PATHS = (
					"$(SDKROOT)/Developer/Library/Frameworks",
					"$(inherited)",
				);
				GCC_PREPROCESSOR_DEFINITIONS = (
					"DEBUG=1",
					"$(inherited)",
				);
				INFOPLIST_FILE = aTests/Info.plist;
				LD_RUNPATH_SEARCH_PATHS = "$(inherited) @executable_path/Frameworks @loader_path/Frameworks";
				PRODUCT_NAME = "$(TARGET_NAME)";
				TEST_HOST = "$(BUILT_PRODUCTS_DIR)/a.app/a";
			};
			name = Debug;
		};
		35DFD39D1D62E41900A2616A /* Release */ = {
			isa = XCBuildConfiguration;
			buildSettings = {
				BUNDLE_LOADER = "$(TEST_HOST)";
				FRAMEWORK_SEARCH_PATHS = (
					"$(SDKROOT)/Developer/Library/Frameworks",
					"$(inherited)",
				);
				INFOPLIST_FILE = aTests/Info.plist;
				LD_RUNPATH_SEARCH_PATHS = "$(inherited) @executable_path/Frameworks @loader_path/Frameworks";
				PRODUCT_NAME = "$(TARGET_NAME)";
				TEST_HOST = "$(BUILT_PRODUCTS_DIR)/a.app/a";
			};
			name = Release;
		};
/* End XCBuildConfiguration section */

/* Begin XCConfigurationList section */
		35DFD36D1D62E41900A2616A /* Build configuration list for PBXProject "a" */ = {
			isa = XCConfigurationList;
			buildConfigurations = (
				35DFD3961D62E41900A2616A /* Debug */,
				35DFD3971D62E41900A2616A /* Release */,
			);
			defaultConfigurationIsVisible = 0;
			defaultConfigurationName = Release;
		};
		35DFD3981D62E41900A2616A /* Build configuration list for PBXNativeTarget "a" */ = {
			isa = XCConfigurationList;
			buildConfigurations = (
				35DFD3991D62E41900A2616A /* Debug */,
				35DFD39A1D62E41900A2616A /* Release */,
			);
			defaultConfigurationIsVisible = 0;
			defaultConfigurationName = Release;
		};
		35DFD39B1D62E41900A2616A /* Build configuration list for PBXNativeTarget "aTests" */ = {
			isa = XCConfigurationList;
			buildConfigurations = (
				35DFD39C1D62E41900A2616A /* Debug */,
				35DFD39D1D62E41900A2616A /* Release */,
			);
			defaultConfigurationIsVisible = 0;
			defaultConfigurationName = Release;
		};
/* End XCConfigurationList section */
	};
	rootObject = 35DFD36A1D62E41900A2616A /* Project object */;
}
